
Microsoft Visual Studio Solution File, Format Version 12.00
# Visual Studio Version 17
VisualStudioVersion = 17.7.34009.444
MinimumVisualStudioVersion = 10.0.40219.1
Project("{888888A0-9F3D-457C-B088-3A5042F75D52}") = "AChristieCIS261MovieGuidePT2.1", "AChristieCIS261MovieGuidePT2.1.pyproj", "{501A3914-11CD-4F97-8679-EE3CF75D3D36}"
EndProject
Global
	GlobalSection(SolutionConfigurationPlatforms) = preSolution
		Debug|Any CPU = Debug|Any CPU
		Release|Any CPU = Release|Any CPU
	EndGlobalSection
	GlobalSection(ProjectConfigurationPlatforms) = postSolution
		{501A3914-11CD-4F97-8679-EE3CF75D3D36}.Debug|Any CPU.ActiveCfg = Debug|Any CPU
		{501A3914-11CD-4F97-8679-EE3CF75D3D36}.Release|Any CPU.ActiveCfg = Release|Any CPU
	EndGlobalSection
	GlobalSection(SolutionProperties) = preSolution
		HideSolutionNode = FALSE
	EndGlobalSection
	GlobalSection(ExtensibilityGlobals) = postSolution
		SolutionGuid = {F592804C-5E55-4DEC-90FC-E2B1089C7A3B}
	EndGlobalSection
EndGlobal
